
Microsoft Visual Studio Solution File, Format Version 12.00
# Visual Studio Version 17
VisualStudioVersion = 17.8.34330.188
MinimumVisualStudioVersion = 10.0.40219.1
Project("{9A19103F-16F7-4668-BE54-9A1E7A4F7556}") = "ECommercial.Web", "ECommercial.Web\ECommercial.Web.csproj", "{5A396EFE-D179-4A63-BD9B-ADAEB9948715}"
EndProject
Project("{9A19103F-16F7-4668-BE54-9A1E7A4F7556}") = "ECommercial.Api", "ECommercial.Api\ECommercial.Api.csproj", "{2E9802ED-0D70-4C77-AB7D-41DB1A5E3738}"
EndProject
Project("{9A19103F-16F7-4668-BE54-9A1E7A4F7556}") = "ECommercial.Models", "ECommercial.Models\ECommercial.Models.csproj", "{BFB57E94-5BD4-467A-B095-5060AD6C2732}"
EndProject
Global
	GlobalSection(SolutionConfigurationPlatforms) = preSolution
		Debug|Any CPU = Debug|Any CPU
		Release|Any CPU = Release|Any CPU
	EndGlobalSection
	GlobalSection(ProjectConfigurationPlatforms) = postSolution
		{5A396EFE-D179-4A63-BD9B-ADAEB9948715}.Debug|Any CPU.ActiveCfg = Debug|Any CPU
		{5A396EFE-D179-4A63-BD9B-ADAEB9948715}.Debug|Any CPU.Build.0 = Debug|Any CPU
		{5A396EFE-D179-4A63-BD9B-ADAEB9948715}.Release|Any CPU.ActiveCfg = Release|Any CPU
		{5A396EFE-D179-4A63-BD9B-ADAEB9948715}.Release|Any CPU.Build.0 = Release|Any CPU
		{2E9802ED-0D70-4C77-AB7D-41DB1A5E3738}.Debug|Any CPU.ActiveCfg = Debug|Any CPU
		{2E9802ED-0D70-4C77-AB7D-41DB1A5E3738}.Debug|Any CPU.Build.0 = Debug|Any CPU
		{2E9802ED-0D70-4C77-AB7D-41DB1A5E3738}.Release|Any CPU.ActiveCfg = Release|Any CPU
		{2E9802ED-0D70-4C77-AB7D-41DB1A5E3738}.Release|Any CPU.Build.0 = Release|Any CPU
		{BFB57E94-5BD4-467A-B095-5060AD6C2732}.Debug|Any CPU.ActiveCfg = Debug|Any CPU
		{BFB57E94-5BD4-467A-B095-5060AD6C2732}.Debug|Any CPU.Build.0 = Debug|Any CPU
		{BFB57E94-5BD4-467A-B095-5060AD6C2732}.Release|Any CPU.ActiveCfg = Release|Any CPU
		{BFB57E94-5BD4-467A-B095-5060AD6C2732}.Release|Any CPU.Build.0 = Release|Any CPU
	EndGlobalSection
	GlobalSection(SolutionProperties) = preSolution
		HideSolutionNode = FALSE
	EndGlobalSection
	GlobalSection(ExtensibilityGlobals) = postSolution
		SolutionGuid = {8E2AEB66-F060-4732-8261-A2AAE3753E21}
	EndGlobalSection
EndGlobal
